
Microsoft Visual Studio Solution File, Format Version 12.00
# Visual Studio Version 17
VisualStudioVersion = 17.0.31903.59
MinimumVisualStudioVersion = 10.0.40219.1
Project("{2150E333-8FDC-42A3-9474-1A3956D46DE8}") = "Solution Items", "Solution Items", "{2D56D129-236F-4114-B1CA-6A04DF017CA8}"
	ProjectSection(SolutionItems) = preProject
		.editorconfig = .editorconfig
	EndProjectSection
EndProject
Project("{9A19103F-16F7-4668-BE54-9A1E7A4F7556}") = "TeleMistLibrary", "TeleMistLibrary\TeleMistLibrary.csproj", "{DAF2AD90-E04F-46B0-ADC2-F9583DF8EBAC}"
EndProject
Project("{9A19103F-16F7-4668-BE54-9A1E7A4F7556}") = "TeleMistUI", "TeleMistUI\TeleMistUI.csproj", "{E0E4142B-68D9-4A06-ABEA-57AD359A81BD}"
EndProject
Global
	GlobalSection(SolutionConfigurationPlatforms) = preSolution
		Debug|Any CPU = Debug|Any CPU
		Release|Any CPU = Release|Any CPU
	EndGlobalSection
	GlobalSection(ProjectConfigurationPlatforms) = postSolution
		{DAF2AD90-E04F-46B0-ADC2-F9583DF8EBAC}.Debug|Any CPU.ActiveCfg = Debug|Any CPU
		{DAF2AD90-E04F-46B0-ADC2-F9583DF8EBAC}.Debug|Any CPU.Build.0 = Debug|Any CPU
		{DAF2AD90-E04F-46B0-ADC2-F9583DF8EBAC}.Release|Any CPU.ActiveCfg = Release|Any CPU
		{DAF2AD90-E04F-46B0-ADC2-F9583DF8EBAC}.Release|Any CPU.Build.0 = Release|Any CPU
		{E0E4142B-68D9-4A06-ABEA-57AD359A81BD}.Debug|Any CPU.ActiveCfg = Debug|Any CPU
		{E0E4142B-68D9-4A06-ABEA-57AD359A81BD}.Debug|Any CPU.Build.0 = Debug|Any CPU
		{E0E4142B-68D9-4A06-ABEA-57AD359A81BD}.Release|Any CPU.ActiveCfg = Release|Any CPU
		{E0E4142B-68D9-4A06-ABEA-57AD359A81BD}.Release|Any CPU.Build.0 = Release|Any CPU
	EndGlobalSection
	GlobalSection(SolutionProperties) = preSolution
		HideSolutionNode = FALSE
	EndGlobalSection
	GlobalSection(ExtensibilityGlobals) = postSolution
		SolutionGuid = {170E58A8-FD5E-4A94-89EF-1B66C62AB42D}
	EndGlobalSection
EndGlobal
