
Microsoft Visual Studio Solution File, Format Version 12.00
# Visual Studio Version 17
VisualStudioVersion = 17.0.31903.59
MinimumVisualStudioVersion = 10.0.40219.1
Project("{9A19103F-16F7-4668-BE54-9A1E7A4F7556}") = "TeleMist old", "TeleMist old\TeleMist old.csproj", "{B7E17835-EE5E-4F5F-9C57-E276B0BD243C}"
EndProject
Project("{9A19103F-16F7-4668-BE54-9A1E7A4F7556}") = "TeleMist", "TeleMist\TeleMist.csproj", "{FB6E7D89-EA07-4C50-941F-D39FE20BD686}"
EndProject
Global
	GlobalSection(SolutionConfigurationPlatforms) = preSolution
		Debug|Any CPU = Debug|Any CPU
		Release|Any CPU = Release|Any CPU
	EndGlobalSection
	GlobalSection(ProjectConfigurationPlatforms) = postSolution
		{B7E17835-EE5E-4F5F-9C57-E276B0BD243C}.Debug|Any CPU.ActiveCfg = Debug|Any CPU
		{B7E17835-EE5E-4F5F-9C57-E276B0BD243C}.Debug|Any CPU.Build.0 = Debug|Any CPU
		{B7E17835-EE5E-4F5F-9C57-E276B0BD243C}.Release|Any CPU.ActiveCfg = Release|Any CPU
		{B7E17835-EE5E-4F5F-9C57-E276B0BD243C}.Release|Any CPU.Build.0 = Release|Any CPU
		{FB6E7D89-EA07-4C50-941F-D39FE20BD686}.Debug|Any CPU.ActiveCfg = Debug|Any CPU
		{FB6E7D89-EA07-4C50-941F-D39FE20BD686}.Debug|Any CPU.Build.0 = Debug|Any CPU
		{FB6E7D89-EA07-4C50-941F-D39FE20BD686}.Release|Any CPU.ActiveCfg = Release|Any CPU
		{FB6E7D89-EA07-4C50-941F-D39FE20BD686}.Release|Any CPU.Build.0 = Release|Any CPU
	EndGlobalSection
	GlobalSection(SolutionProperties) = preSolution
		HideSolutionNode = FALSE
	EndGlobalSection
	GlobalSection(ExtensibilityGlobals) = postSolution
		SolutionGuid = {170E58A8-FD5E-4A94-89EF-1B66C62AB42D}
	EndGlobalSection
EndGlobal
